
Microsoft Visual Studio Solution File, Format Version 11.00
# Visual Studio 2010
Project("{8BC9CEB8-8B4A-11D0-8D11-00A0C91BC942}") = "Vigenere_2", "Vigenere_2.vcxproj", "{420E9ED9-EA3A-4CBE-865C-441F07F92570}"
EndProject
Global
	GlobalSection(SolutionConfigurationPlatforms) = preSolution
		Debug|Win32 = Debug|Win32
		Release|Win32 = Release|Win32
	EndGlobalSection
	GlobalSection(ProjectConfigurationPlatforms) = postSolution
		{420E9ED9-EA3A-4CBE-865C-441F07F92570}.Debug|Win32.ActiveCfg = Debug|Win32
		{420E9ED9-EA3A-4CBE-865C-441F07F92570}.Debug|Win32.Build.0 = Debug|Win32
		{420E9ED9-EA3A-4CBE-865C-441F07F92570}.Release|Win32.ActiveCfg = Release|Win32
		{420E9ED9-EA3A-4CBE-865C-441F07F92570}.Release|Win32.Build.0 = Release|Win32
	EndGlobalSection
	GlobalSection(SolutionProperties) = preSolution
		HideSolutionNode = FALSE
	EndGlobalSection
EndGlobal
